
Microsoft Visual Studio Solution File, Format Version 12.00
# Visual Studio Version 17
VisualStudioVersion = 17.0.31903.59
MinimumVisualStudioVersion = 10.0.40219.1
Project("{2150E333-8FDC-42A3-9474-1A3956D46DE8}") = "src", "src", "{827E0CD3-B72D-47B6-A68D-7590B98EB39B}"
EndProject
Project("{FAE04EC0-301F-11D3-BF4B-00C04F79EFBC}") = "kudos.backend.domain", "src\kudos.backend.domain\kudos.backend.domain.csproj", "{AA15849C-A964-48A5-8CB9-58511A09AB42}"
EndProject
Project("{2150E333-8FDC-42A3-9474-1A3956D46DE8}") = "tests", "tests", "{0AB3BF05-4346-4AA6-1389-037BE0695223}"
EndProject
Project("{FAE04EC0-301F-11D3-BF4B-00C04F79EFBC}") = "kudos.backend.domain.tests", "tests\kudos.backend.domain.tests\kudos.backend.domain.tests.csproj", "{3BDC3CD4-999E-4E0B-8AB9-7F0A9F777830}"
EndProject
Project("{FAE04EC0-301F-11D3-BF4B-00C04F79EFBC}") = "kudos.backend.application", "src\kudos.backend.application\kudos.backend.application.csproj", "{279E86F9-3457-4DBA-9A93-A80FEE8BA3AA}"
EndProject
Project("{FAE04EC0-301F-11D3-BF4B-00C04F79EFBC}") = "kudos.backend.application.tests", "tests\kudos.backend.application.tests\kudos.backend.application.tests.csproj", "{0C00EBC4-B614-4F4A-8E8D-B974284353F8}"
EndProject
Project("{FAE04EC0-301F-11D3-BF4B-00C04F79EFBC}") = "kudos.backend.infrastructure", "src\kudos.backend.infrastructure\kudos.backend.infrastructure.csproj", "{76669BAF-B792-464D-9744-596A200864CF}"
EndProject
Project("{FAE04EC0-301F-11D3-BF4B-00C04F79EFBC}") = "kudos.backend.infrastructure.tests", "tests\kudos.backend.infrastructure.tests\kudos.backend.infrastructure.tests.csproj", "{23A040CA-5763-4B5F-8CF8-315C5A9FCA73}"
EndProject
Project("{FAE04EC0-301F-11D3-BF4B-00C04F79EFBC}") = "kudos.backend.webapi", "src\kudos.backend.webapi\kudos.backend.webapi.csproj", "{A336DC48-72DE-4CF9-8CD1-CC01BA06D436}"
EndProject
Project("{FAE04EC0-301F-11D3-BF4B-00C04F79EFBC}") = "kudos.backend.webapi.tests", "tests\kudos.backend.webapi.tests\kudos.backend.webapi.tests.csproj", "{AEB0002D-7FE2-44EB-BE08-68549C94BC20}"
EndProject
Project("{FAE04EC0-301F-11D3-BF4B-00C04F79EFBC}") = "kudos.backend.migrations", "src\kudos.backend.migrations\kudos.backend.migrations.csproj", "{2000BA35-BAB3-448A-8325-680B960CE009}"
EndProject
Project("{FAE04EC0-301F-11D3-BF4B-00C04F79EFBC}") = "kudos.backend.ndbunit", "tests\kudos.backend.ndbunit\kudos.backend.ndbunit.csproj", "{E32B4662-90D4-4274-9845-E6D43674B969}"
EndProject
Project("{FAE04EC0-301F-11D3-BF4B-00C04F79EFBC}") = "kudos.backend.common.tests", "tests\kudos.backend.common.tests\kudos.backend.common.tests.csproj", "{682B06E9-65C0-4410-87DA-D70F5236F75F}"
EndProject
Project("{FAE04EC0-301F-11D3-BF4B-00C04F79EFBC}") = "kudos.backend.scenarios", "tests\kudos.backend.scenarios\kudos.backend.scenarios.csproj", "{E5CF057E-76A5-4E78-BEAE-9259972BE416}"
EndProject
Global
	GlobalSection(SolutionConfigurationPlatforms) = preSolution
		Debug|Any CPU = Debug|Any CPU
		Debug|x64 = Debug|x64
		Debug|x86 = Debug|x86
		Release|Any CPU = Release|Any CPU
		Release|x64 = Release|x64
		Release|x86 = Release|x86
	EndGlobalSection
	GlobalSection(ProjectConfigurationPlatforms) = postSolution
		{AA15849C-A964-48A5-8CB9-58511A09AB42}.Debug|Any CPU.ActiveCfg = Debug|Any CPU
		{AA15849C-A964-48A5-8CB9-58511A09AB42}.Debug|Any CPU.Build.0 = Debug|Any CPU
		{AA15849C-A964-48A5-8CB9-58511A09AB42}.Debug|x64.ActiveCfg = Debug|Any CPU
		{AA15849C-A964-48A5-8CB9-58511A09AB42}.Debug|x64.Build.0 = Debug|Any CPU
		{AA15849C-A964-48A5-8CB9-58511A09AB42}.Debug|x86.ActiveCfg = Debug|Any CPU
		{AA15849C-A964-48A5-8CB9-58511A09AB42}.Debug|x86.Build.0 = Debug|Any CPU
		{AA15849C-A964-48A5-8CB9-58511A09AB42}.Release|Any CPU.ActiveCfg = Release|Any CPU
		{AA15849C-A964-48A5-8CB9-58511A09AB42}.Release|Any CPU.Build.0 = Release|Any CPU
		{AA15849C-A964-48A5-8CB9-58511A09AB42}.Release|x64.ActiveCfg = Release|Any CPU
		{AA15849C-A964-48A5-8CB9-58511A09AB42}.Release|x64.Build.0 = Release|Any CPU
		{AA15849C-A964-48A5-8CB9-58511A09AB42}.Release|x86.ActiveCfg = Release|Any CPU
		{AA15849C-A964-48A5-8CB9-58511A09AB42}.Release|x86.Build.0 = Release|Any CPU
		{3BDC3CD4-999E-4E0B-8AB9-7F0A9F777830}.Debug|Any CPU.ActiveCfg = Debug|Any CPU
		{3BDC3CD4-999E-4E0B-8AB9-7F0A9F777830}.Debug|Any CPU.Build.0 = Debug|Any CPU
		{3BDC3CD4-999E-4E0B-8AB9-7F0A9F777830}.Debug|x64.ActiveCfg = Debug|Any CPU
		{3BDC3CD4-999E-4E0B-8AB9-7F0A9F777830}.Debug|x64.Build.0 = Debug|Any CPU
		{3BDC3CD4-999E-4E0B-8AB9-7F0A9F777830}.Debug|x86.ActiveCfg = Debug|Any CPU
		{3BDC3CD4-999E-4E0B-8AB9-7F0A9F777830}.Debug|x86.Build.0 = Debug|Any CPU
		{3BDC3CD4-999E-4E0B-8AB9-7F0A9F777830}.Release|Any CPU.ActiveCfg = Release|Any CPU
		{3BDC3CD4-999E-4E0B-8AB9-7F0A9F777830}.Release|Any CPU.Build.0 = Release|Any CPU
		{3BDC3CD4-999E-4E0B-8AB9-7F0A9F777830}.Release|x64.ActiveCfg = Release|Any CPU
		{3BDC3CD4-999E-4E0B-8AB9-7F0A9F777830}.Release|x64.Build.0 = Release|Any CPU
		{3BDC3CD4-999E-4E0B-8AB9-7F0A9F777830}.Release|x86.ActiveCfg = Release|Any CPU
		{3BDC3CD4-999E-4E0B-8AB9-7F0A9F777830}.Release|x86.Build.0 = Release|Any CPU
		{279E86F9-3457-4DBA-9A93-A80FEE8BA3AA}.Debug|Any CPU.ActiveCfg = Debug|Any CPU
		{279E86F9-3457-4DBA-9A93-A80FEE8BA3AA}.Debug|Any CPU.Build.0 = Debug|Any CPU
		{279E86F9-3457-4DBA-9A93-A80FEE8BA3AA}.Debug|x64.ActiveCfg = Debug|Any CPU
		{279E86F9-3457-4DBA-9A93-A80FEE8BA3AA}.Debug|x64.Build.0 = Debug|Any CPU
		{279E86F9-3457-4DBA-9A93-A80FEE8BA3AA}.Debug|x86.ActiveCfg = Debug|Any CPU
		{279E86F9-3457-4DBA-9A93-A80FEE8BA3AA}.Debug|x86.Build.0 = Debug|Any CPU
		{279E86F9-3457-4DBA-9A93-A80FEE8BA3AA}.Release|Any CPU.ActiveCfg = Release|Any CPU
		{279E86F9-3457-4DBA-9A93-A80FEE8BA3AA}.Release|Any CPU.Build.0 = Release|Any CPU
		{279E86F9-3457-4DBA-9A93-A80FEE8BA3AA}.Release|x64.ActiveCfg = Release|Any CPU
		{279E86F9-3457-4DBA-9A93-A80FEE8BA3AA}.Release|x64.Build.0 = Release|Any CPU
		{279E86F9-3457-4DBA-9A93-A80FEE8BA3AA}.Release|x86.ActiveCfg = Release|Any CPU
		{279E86F9-3457-4DBA-9A93-A80FEE8BA3AA}.Release|x86.Build.0 = Release|Any CPU
		{0C00EBC4-B614-4F4A-8E8D-B974284353F8}.Debug|Any CPU.ActiveCfg = Debug|Any CPU
		{0C00EBC4-B614-4F4A-8E8D-B974284353F8}.Debug|Any CPU.Build.0 = Debug|Any CPU
		{0C00EBC4-B614-4F4A-8E8D-B974284353F8}.Debug|x64.ActiveCfg = Debug|Any CPU
		{0C00EBC4-B614-4F4A-8E8D-B974284353F8}.Debug|x64.Build.0 = Debug|Any CPU
		{0C00EBC4-B614-4F4A-8E8D-B974284353F8}.Debug|x86.ActiveCfg = Debug|Any CPU
		{0C00EBC4-B614-4F4A-8E8D-B974284353F8}.Debug|x86.Build.0 = Debug|Any CPU
		{0C00EBC4-B614-4F4A-8E8D-B974284353F8}.Release|Any CPU.ActiveCfg = Release|Any CPU
		{0C00EBC4-B614-4F4A-8E8D-B974284353F8}.Release|Any CPU.Build.0 = Release|Any CPU
		{0C00EBC4-B614-4F4A-8E8D-B974284353F8}.Release|x64.ActiveCfg = Release|Any CPU
		{0C00EBC4-B614-4F4A-8E8D-B974284353F8}.Release|x64.Build.0 = Release|Any CPU
		{0C00EBC4-B614-4F4A-8E8D-B974284353F8}.Release|x86.ActiveCfg = Release|Any CPU
		{0C00EBC4-B614-4F4A-8E8D-B974284353F8}.Release|x86.Build.0 = Release|Any CPU
		{76669BAF-B792-464D-9744-596A200864CF}.Debug|Any CPU.ActiveCfg = Debug|Any CPU
		{76669BAF-B792-464D-9744-596A200864CF}.Debug|Any CPU.Build.0 = Debug|Any CPU
		{76669BAF-B792-464D-9744-596A200864CF}.Debug|x64.ActiveCfg = Debug|Any CPU
		{76669BAF-B792-464D-9744-596A200864CF}.Debug|x64.Build.0 = Debug|Any CPU
		{76669BAF-B792-464D-9744-596A200864CF}.Debug|x86.ActiveCfg = Debug|Any CPU
		{76669BAF-B792-464D-9744-596A200864CF}.Debug|x86.Build.0 = Debug|Any CPU
		{76669BAF-B792-464D-9744-596A200864CF}.Release|Any CPU.ActiveCfg = Release|Any CPU
		{76669BAF-B792-464D-9744-596A200864CF}.Release|Any CPU.Build.0 = Release|Any CPU
		{76669BAF-B792-464D-9744-596A200864CF}.Release|x64.ActiveCfg = Release|Any CPU
		{76669BAF-B792-464D-9744-596A200864CF}.Release|x64.Build.0 = Release|Any CPU
		{76669BAF-B792-464D-9744-596A200864CF}.Release|x86.ActiveCfg = Release|Any CPU
		{76669BAF-B792-464D-9744-596A200864CF}.Release|x86.Build.0 = Release|Any CPU
		{23A040CA-5763-4B5F-8CF8-315C5A9FCA73}.Debug|Any CPU.ActiveCfg = Debug|Any CPU
		{23A040CA-5763-4B5F-8CF8-315C5A9FCA73}.Debug|Any CPU.Build.0 = Debug|Any CPU
		{23A040CA-5763-4B5F-8CF8-315C5A9FCA73}.Debug|x64.ActiveCfg = Debug|Any CPU
		{23A040CA-5763-4B5F-8CF8-315C5A9FCA73}.Debug|x64.Build.0 = Debug|Any CPU
		{23A040CA-5763-4B5F-8CF8-315C5A9FCA73}.Debug|x86.ActiveCfg = Debug|Any CPU
		{23A040CA-5763-4B5F-8CF8-315C5A9FCA73}.Debug|x86.Build.0 = Debug|Any CPU
		{23A040CA-5763-4B5F-8CF8-315C5A9FCA73}.Release|Any CPU.ActiveCfg = Release|Any CPU
		{23A040CA-5763-4B5F-8CF8-315C5A9FCA73}.Release|Any CPU.Build.0 = Release|Any CPU
		{23A040CA-5763-4B5F-8CF8-315C5A9FCA73}.Release|x64.ActiveCfg = Release|Any CPU
		{23A040CA-5763-4B5F-8CF8-315C5A9FCA73}.Release|x64.Build.0 = Release|Any CPU
		{23A040CA-5763-4B5F-8CF8-315C5A9FCA73}.Release|x86.ActiveCfg = Release|Any CPU
		{23A040CA-5763-4B5F-8CF8-315C5A9FCA73}.Release|x86.Build.0 = Release|Any CPU
		{A336DC48-72DE-4CF9-8CD1-CC01BA06D436}.Debug|Any CPU.ActiveCfg = Debug|Any CPU
		{A336DC48-72DE-4CF9-8CD1-CC01BA06D436}.Debug|Any CPU.Build.0 = Debug|Any CPU
		{A336DC48-72DE-4CF9-8CD1-CC01BA06D436}.Debug|x64.ActiveCfg = Debug|Any CPU
		{A336DC48-72DE-4CF9-8CD1-CC01BA06D436}.Debug|x64.Build.0 = Debug|Any CPU
		{A336DC48-72DE-4CF9-8CD1-CC01BA06D436}.Debug|x86.ActiveCfg = Debug|Any CPU
		{A336DC48-72DE-4CF9-8CD1-CC01BA06D436}.Debug|x86.Build.0 = Debug|Any CPU
		{A336DC48-72DE-4CF9-8CD1-CC01BA06D436}.Release|Any CPU.ActiveCfg = Release|Any CPU
		{A336DC48-72DE-4CF9-8CD1-CC01BA06D436}.Release|Any CPU.Build.0 = Release|Any CPU
		{A336DC48-72DE-4CF9-8CD1-CC01BA06D436}.Release|x64.ActiveCfg = Release|Any CPU
		{A336DC48-72DE-4CF9-8CD1-CC01BA06D436}.Release|x64.Build.0 = Release|Any CPU
		{A336DC48-72DE-4CF9-8CD1-CC01BA06D436}.Release|x86.ActiveCfg = Release|Any CPU
		{A336DC48-72DE-4CF9-8CD1-CC01BA06D436}.Release|x86.Build.0 = Release|Any CPU
		{AEB0002D-7FE2-44EB-BE08-68549C94BC20}.Debug|Any CPU.ActiveCfg = Debug|Any CPU
		{AEB0002D-7FE2-44EB-BE08-68549C94BC20}.Debug|Any CPU.Build.0 = Debug|Any CPU
		{AEB0002D-7FE2-44EB-BE08-68549C94BC20}.Debug|x64.ActiveCfg = Debug|Any CPU
		{AEB0002D-7FE2-44EB-BE08-68549C94BC20}.Debug|x64.Build.0 = Debug|Any CPU
		{AEB0002D-7FE2-44EB-BE08-68549C94BC20}.Debug|x86.ActiveCfg = Debug|Any CPU
		{AEB0002D-7FE2-44EB-BE08-68549C94BC20}.Debug|x86.Build.0 = Debug|Any CPU
		{AEB0002D-7FE2-44EB-BE08-68549C94BC20}.Release|Any CPU.ActiveCfg = Release|Any CPU
		{AEB0002D-7FE2-44EB-BE08-68549C94BC20}.Release|Any CPU.Build.0 = Release|Any CPU
		{AEB0002D-7FE2-44EB-BE08-68549C94BC20}.Release|x64.ActiveCfg = Release|Any CPU
		{AEB0002D-7FE2-44EB-BE08-68549C94BC20}.Release|x64.Build.0 = Release|Any CPU
		{AEB0002D-7FE2-44EB-BE08-68549C94BC20}.Release|x86.ActiveCfg = Release|Any CPU
		{AEB0002D-7FE2-44EB-BE08-68549C94BC20}.Release|x86.Build.0 = Release|Any CPU
		{2000BA35-BAB3-448A-8325-680B960CE009}.Debug|Any CPU.ActiveCfg = Debug|Any CPU
		{2000BA35-BAB3-448A-8325-680B960CE009}.Debug|Any CPU.Build.0 = Debug|Any CPU
		{2000BA35-BAB3-448A-8325-680B960CE009}.Debug|x64.ActiveCfg = Debug|Any CPU
		{2000BA35-BAB3-448A-8325-680B960CE009}.Debug|x64.Build.0 = Debug|Any CPU
		{2000BA35-BAB3-448A-8325-680B960CE009}.Debug|x86.ActiveCfg = Debug|Any CPU
		{2000BA35-BAB3-448A-8325-680B960CE009}.Debug|x86.Build.0 = Debug|Any CPU
		{2000BA35-BAB3-448A-8325-680B960CE009}.Release|Any CPU.ActiveCfg = Release|Any CPU
		{2000BA35-BAB3-448A-8325-680B960CE009}.Release|Any CPU.Build.0 = Release|Any CPU
		{2000BA35-BAB3-448A-8325-680B960CE009}.Release|x64.ActiveCfg = Release|Any CPU
		{2000BA35-BAB3-448A-8325-680B960CE009}.Release|x64.Build.0 = Release|Any CPU
		{2000BA35-BAB3-448A-8325-680B960CE009}.Release|x86.ActiveCfg = Release|Any CPU
		{2000BA35-BAB3-448A-8325-680B960CE009}.Release|x86.Build.0 = Release|Any CPU
		{E32B4662-90D4-4274-9845-E6D43674B969}.Debug|Any CPU.ActiveCfg = Debug|Any CPU
		{E32B4662-90D4-4274-9845-E6D43674B969}.Debug|Any CPU.Build.0 = Debug|Any CPU
		{E32B4662-90D4-4274-9845-E6D43674B969}.Debug|x64.ActiveCfg = Debug|Any CPU
		{E32B4662-90D4-4274-9845-E6D43674B969}.Debug|x64.Build.0 = Debug|Any CPU
		{E32B4662-90D4-4274-9845-E6D43674B969}.Debug|x86.ActiveCfg = Debug|Any CPU
		{E32B4662-90D4-4274-9845-E6D43674B969}.Debug|x86.Build.0 = Debug|Any CPU
		{E32B4662-90D4-4274-9845-E6D43674B969}.Release|Any CPU.ActiveCfg = Release|Any CPU
		{E32B4662-90D4-4274-9845-E6D43674B969}.Release|Any CPU.Build.0 = Release|Any CPU
		{E32B4662-90D4-4274-9845-E6D43674B969}.Release|x64.ActiveCfg = Release|Any CPU
		{E32B4662-90D4-4274-9845-E6D43674B969}.Release|x64.Build.0 = Release|Any CPU
		{E32B4662-90D4-4274-9845-E6D43674B969}.Release|x86.ActiveCfg = Release|Any CPU
		{E32B4662-90D4-4274-9845-E6D43674B969}.Release|x86.Build.0 = Release|Any CPU
		{682B06E9-65C0-4410-87DA-D70F5236F75F}.Debug|Any CPU.ActiveCfg = Debug|Any CPU
		{682B06E9-65C0-4410-87DA-D70F5236F75F}.Debug|Any CPU.Build.0 = Debug|Any CPU
		{682B06E9-65C0-4410-87DA-D70F5236F75F}.Debug|x64.ActiveCfg = Debug|Any CPU
		{682B06E9-65C0-4410-87DA-D70F5236F75F}.Debug|x64.Build.0 = Debug|Any CPU
		{682B06E9-65C0-4410-87DA-D70F5236F75F}.Debug|x86.ActiveCfg = Debug|Any CPU
		{682B06E9-65C0-4410-87DA-D70F5236F75F}.Debug|x86.Build.0 = Debug|Any CPU
		{682B06E9-65C0-4410-87DA-D70F5236F75F}.Release|Any CPU.ActiveCfg = Release|Any CPU
		{682B06E9-65C0-4410-87DA-D70F5236F75F}.Release|Any CPU.Build.0 = Release|Any CPU
		{682B06E9-65C0-4410-87DA-D70F5236F75F}.Release|x64.ActiveCfg = Release|Any CPU
		{682B06E9-65C0-4410-87DA-D70F5236F75F}.Release|x64.Build.0 = Release|Any CPU
		{682B06E9-65C0-4410-87DA-D70F5236F75F}.Release|x86.ActiveCfg = Release|Any CPU
		{682B06E9-65C0-4410-87DA-D70F5236F75F}.Release|x86.Build.0 = Release|Any CPU
		{E5CF057E-76A5-4E78-BEAE-9259972BE416}.Debug|Any CPU.ActiveCfg = Debug|Any CPU
		{E5CF057E-76A5-4E78-BEAE-9259972BE416}.Debug|Any CPU.Build.0 = Debug|Any CPU
		{E5CF057E-76A5-4E78-BEAE-9259972BE416}.Debug|x64.ActiveCfg = Debug|Any CPU
		{E5CF057E-76A5-4E78-BEAE-9259972BE416}.Debug|x64.Build.0 = Debug|Any CPU
		{E5CF057E-76A5-4E78-BEAE-9259972BE416}.Debug|x86.ActiveCfg = Debug|Any CPU
		{E5CF057E-76A5-4E78-BEAE-9259972BE416}.Debug|x86.Build.0 = Debug|Any CPU
		{E5CF057E-76A5-4E78-BEAE-9259972BE416}.Release|Any CPU.ActiveCfg = Release|Any CPU
		{E5CF057E-76A5-4E78-BEAE-9259972BE416}.Release|Any CPU.Build.0 = Release|Any CPU
		{E5CF057E-76A5-4E78-BEAE-9259972BE416}.Release|x64.ActiveCfg = Release|Any CPU
		{E5CF057E-76A5-4E78-BEAE-9259972BE416}.Release|x64.Build.0 = Release|Any CPU
		{E5CF057E-76A5-4E78-BEAE-9259972BE416}.Release|x86.ActiveCfg = Release|Any CPU
		{E5CF057E-76A5-4E78-BEAE-9259972BE416}.Release|x86.Build.0 = Release|Any CPU
	EndGlobalSection
	GlobalSection(SolutionProperties) = preSolution
		HideSolutionNode = FALSE
	EndGlobalSection
	GlobalSection(NestedProjects) = preSolution
		{AA15849C-A964-48A5-8CB9-58511A09AB42} = {827E0CD3-B72D-47B6-A68D-7590B98EB39B}
		{3BDC3CD4-999E-4E0B-8AB9-7F0A9F777830} = {0AB3BF05-4346-4AA6-1389-037BE0695223}
		{279E86F9-3457-4DBA-9A93-A80FEE8BA3AA} = {827E0CD3-B72D-47B6-A68D-7590B98EB39B}
		{0C00EBC4-B614-4F4A-8E8D-B974284353F8} = {0AB3BF05-4346-4AA6-1389-037BE0695223}
		{76669BAF-B792-464D-9744-596A200864CF} = {827E0CD3-B72D-47B6-A68D-7590B98EB39B}
		{23A040CA-5763-4B5F-8CF8-315C5A9FCA73} = {0AB3BF05-4346-4AA6-1389-037BE0695223}
		{A336DC48-72DE-4CF9-8CD1-CC01BA06D436} = {827E0CD3-B72D-47B6-A68D-7590B98EB39B}
		{AEB0002D-7FE2-44EB-BE08-68549C94BC20} = {0AB3BF05-4346-4AA6-1389-037BE0695223}
		{2000BA35-BAB3-448A-8325-680B960CE009} = {827E0CD3-B72D-47B6-A68D-7590B98EB39B}
		{E32B4662-90D4-4274-9845-E6D43674B969} = {0AB3BF05-4346-4AA6-1389-037BE0695223}
		{682B06E9-65C0-4410-87DA-D70F5236F75F} = {0AB3BF05-4346-4AA6-1389-037BE0695223}
		{E5CF057E-76A5-4E78-BEAE-9259972BE416} = {0AB3BF05-4346-4AA6-1389-037BE0695223}
	EndGlobalSection
EndGlobal
